
Microsoft Visual Studio Solution File, Format Version 12.00
# Visual Studio Version 16
VisualStudioVersion = 16.0.28803.452
MinimumVisualStudioVersion = 10.0.40219.1
Project("{9A19103F-16F7-4668-BE54-9A1E7A4F7556}") = "DotNetPatterns", "DotNetPatterns\DotNetPatterns.csproj", "{21F74FC5-DD4D-4C6C-A457-2BB109898BA8}"
EndProject
Project("{FAE04EC0-301F-11D3-BF4B-00C04F79EFBC}") = "DotNetPatterns.Mvvm", "DotNetPatterns.Mvvm\DotNetPatterns.Mvvm.csproj", "{02C108D3-C721-4A4A-9203-83ADE2EE6084}"
EndProject
Global
	GlobalSection(SolutionConfigurationPlatforms) = preSolution
		Debug|Any CPU = Debug|Any CPU
		Release|Any CPU = Release|Any CPU
	EndGlobalSection
	GlobalSection(ProjectConfigurationPlatforms) = postSolution
		{21F74FC5-DD4D-4C6C-A457-2BB109898BA8}.Debug|Any CPU.ActiveCfg = Debug|Any CPU
		{21F74FC5-DD4D-4C6C-A457-2BB109898BA8}.Debug|Any CPU.Build.0 = Debug|Any CPU
		{21F74FC5-DD4D-4C6C-A457-2BB109898BA8}.Release|Any CPU.ActiveCfg = Release|Any CPU
		{21F74FC5-DD4D-4C6C-A457-2BB109898BA8}.Release|Any CPU.Build.0 = Release|Any CPU
		{02C108D3-C721-4A4A-9203-83ADE2EE6084}.Debug|Any CPU.ActiveCfg = Debug|Any CPU
		{02C108D3-C721-4A4A-9203-83ADE2EE6084}.Debug|Any CPU.Build.0 = Debug|Any CPU
		{02C108D3-C721-4A4A-9203-83ADE2EE6084}.Release|Any CPU.ActiveCfg = Release|Any CPU
		{02C108D3-C721-4A4A-9203-83ADE2EE6084}.Release|Any CPU.Build.0 = Release|Any CPU
	EndGlobalSection
	GlobalSection(SolutionProperties) = preSolution
		HideSolutionNode = FALSE
	EndGlobalSection
	GlobalSection(ExtensibilityGlobals) = postSolution
		SolutionGuid = {6162ABDF-2248-4C52-9A5C-B19A188DE387}
	EndGlobalSection
EndGlobal
